
Microsoft Visual Studio Solution File, Format Version 12.00
# Visual Studio 15
VisualStudioVersion = 15.0.28307.1062
MinimumVisualStudioVersion = 10.0.40219.1
Project("{FAE04EC0-301F-11D3-BF4B-00C04F79EFBC}") = "OnBreak", "OnBreak\OnBreak.csproj", "{FD3DEEDF-FE6D-43FF-AC58-1353BBE2E082}"
EndProject
Project("{FAE04EC0-301F-11D3-BF4B-00C04F79EFBC}") = "OnBreakLibrary", "OnBreakLibrary\OnBreakLibrary.csproj", "{4CEE8482-BCB5-4241-8DFC-DAB5F955AE2C}"
EndProject
Project("{FAE04EC0-301F-11D3-BF4B-00C04F79EFBC}") = "OnbreakDALC", "OnbreakDALC\OnbreakDALC.csproj", "{A45F390F-B4DB-4310-B08A-519127D7D10F}"
EndProject
Global
	GlobalSection(SolutionConfigurationPlatforms) = preSolution
		Debug|Any CPU = Debug|Any CPU
		Release|Any CPU = Release|Any CPU
	EndGlobalSection
	GlobalSection(ProjectConfigurationPlatforms) = postSolution
		{FD3DEEDF-FE6D-43FF-AC58-1353BBE2E082}.Debug|Any CPU.ActiveCfg = Debug|Any CPU
		{FD3DEEDF-FE6D-43FF-AC58-1353BBE2E082}.Debug|Any CPU.Build.0 = Debug|Any CPU
		{FD3DEEDF-FE6D-43FF-AC58-1353BBE2E082}.Release|Any CPU.ActiveCfg = Release|Any CPU
		{FD3DEEDF-FE6D-43FF-AC58-1353BBE2E082}.Release|Any CPU.Build.0 = Release|Any CPU
		{4CEE8482-BCB5-4241-8DFC-DAB5F955AE2C}.Debug|Any CPU.ActiveCfg = Debug|Any CPU
		{4CEE8482-BCB5-4241-8DFC-DAB5F955AE2C}.Debug|Any CPU.Build.0 = Debug|Any CPU
		{4CEE8482-BCB5-4241-8DFC-DAB5F955AE2C}.Release|Any CPU.ActiveCfg = Release|Any CPU
		{4CEE8482-BCB5-4241-8DFC-DAB5F955AE2C}.Release|Any CPU.Build.0 = Release|Any CPU
		{A45F390F-B4DB-4310-B08A-519127D7D10F}.Debug|Any CPU.ActiveCfg = Debug|Any CPU
		{A45F390F-B4DB-4310-B08A-519127D7D10F}.Debug|Any CPU.Build.0 = Debug|Any CPU
		{A45F390F-B4DB-4310-B08A-519127D7D10F}.Release|Any CPU.ActiveCfg = Release|Any CPU
		{A45F390F-B4DB-4310-B08A-519127D7D10F}.Release|Any CPU.Build.0 = Release|Any CPU
	EndGlobalSection
	GlobalSection(SolutionProperties) = preSolution
		HideSolutionNode = FALSE
	EndGlobalSection
	GlobalSection(ExtensibilityGlobals) = postSolution
		SolutionGuid = {D1203411-1052-4577-B3E1-FE722F6F9609}
	EndGlobalSection
EndGlobal
